
Microsoft Visual Studio Solution File, Format Version 12.00
# Visual Studio Version 17
VisualStudioVersion = 17.5.002.0
MinimumVisualStudioVersion = 10.0.40219.1
Project("{9A19103F-16F7-4668-BE54-9A1E7A4F7556}") = "BombsiteRestrict", "BombsiteRestrict.csproj", "{A3660726-73BF-4035-8F5F-DF51165BBB97}"
EndProject
Global
	GlobalSection(SolutionConfigurationPlatforms) = preSolution
		Debug|Any CPU = Debug|Any CPU
		Release|Any CPU = Release|Any CPU
	EndGlobalSection
	GlobalSection(ProjectConfigurationPlatforms) = postSolution
		{A3660726-73BF-4035-8F5F-DF51165BBB97}.Debug|Any CPU.ActiveCfg = Debug|Any CPU
		{A3660726-73BF-4035-8F5F-DF51165BBB97}.Debug|Any CPU.Build.0 = Debug|Any CPU
		{A3660726-73BF-4035-8F5F-DF51165BBB97}.Release|Any CPU.ActiveCfg = Release|Any CPU
		{A3660726-73BF-4035-8F5F-DF51165BBB97}.Release|Any CPU.Build.0 = Release|Any CPU
	EndGlobalSection
	GlobalSection(SolutionProperties) = preSolution
		HideSolutionNode = FALSE
	EndGlobalSection
	GlobalSection(ExtensibilityGlobals) = postSolution
		SolutionGuid = {EBF7BEE2-6D57-4D63-8B9B-68CED9B3185C}
	EndGlobalSection
EndGlobal
